<?xml version="1.0" encoding="utf-8"?>
<Project ToolsVersion="4.0" xmlns="http://schemas.microsoft.com/developer/msbuild/2003">
  <ItemGroup>
    <Filter Include="소스 파일">
      <UniqueIdentifier>{4FC737F1-C7A5-4376-A066-2A32D752A2FF}</UniqueIdentifier>
      <Extensions>cpp;c;cc;cxx;c++;cppm;ixx;def;odl;idl;hpj;bat;asm;asmx</Extensions>
    </Filter>
    <Filter Include="헤더 파일">
      <UniqueIdentifier>{93995380-89BD-4b04-88EB-625FBE52EBFB}</UniqueIdentifier>
      <Extensions>h;hh;hpp;hxx;h++;hm;inl;inc;ipp;xsd</Extensions>
    </Filter>
    <Filter Include="리소스 파일">
      <UniqueIdentifier>{67DA6AB6-F800-4c08-8B7A-83BB121AAD01}</UniqueIdentifier>
      <Extensions>rc;ico;cur;bmp;dlg;rc2;rct;bin;rgs;gif;jpg;jpeg;jpe;resx;tiff;tif;png;wav;mfcribbon-ms</Extensions>
    </Filter>
    <Filter Include="Systems">
      <UniqueIdentifier>{daffffdd-670c-448b-84a3-698f45b07f2a}</UniqueIdentifier>
    </Filter>
    <Filter Include="Renders">
      <UniqueIdentifier>{733b7309-71ec-4e35-90b3-9c51ecbb0544}</UniqueIdentifier>
    </Filter>
    <Filter Include="Utilities">
      <UniqueIdentifier>{0666935f-2ed3-4354-9b1f-1881e713ec31}</UniqueIdentifier>
    </Filter>
    <Filter Include="Map_Make">
      <UniqueIdentifier>{cfaab876-8be8-4a34-a7d3-fd5a26f6b726}</UniqueIdentifier>
    </Filter>
    <Filter Include="Stages">
      <UniqueIdentifier>{c3001b3f-9ba6-450e-a478-23065d6e2b15}</UniqueIdentifier>
    </Filter>
    <Filter Include="Actors">
      <UniqueIdentifier>{4747b857-e9aa-4ba8-92c8-bcecfba07f50}</UniqueIdentifier>
    </Filter>
    <Filter Include="Bulids">
      <UniqueIdentifier>{1fc32180-b41f-475d-b975-d4c1c5a3e20c}</UniqueIdentifier>
    </Filter>
    <Filter Include="UI">
      <UniqueIdentifier>{00e68b6b-2353-4627-9510-9340c8b4be3f}</UniqueIdentifier>
    </Filter>
  </ItemGroup>
  <ItemGroup>
    <ClCompile Include="Device.cpp">
      <Filter>소스 파일</Filter>
    </ClCompile>
    <ClCompile Include="stdafx.cpp">
      <Filter>소스 파일</Filter>
    </ClCompile>
    <ClCompile Include="Scene.cpp">
      <Filter>소스 파일</Filter>
    </ClCompile>
    <ClCompile Include="Systems\Keyboard.cpp">
      <Filter>Systems</Filter>
    </ClCompile>
    <ClCompile Include="Object.cpp">
      <Filter>소스 파일</Filter>
    </ClCompile>
    <ClCompile Include="Renders\Shader.cpp">
      <Filter>Renders</Filter>
    </ClCompile>
    <ClCompile Include="Utilities\String.cpp">
      <Filter>Utilities</Filter>
    </ClCompile>
    <ClCompile Include="Map_Make\Map_Texture.cpp">
      <Filter>Map_Make</Filter>
    </ClCompile>
    <ClCompile Include="Systems\Time.cpp">
      <Filter>Systems</Filter>
    </ClCompile>
    <ClCompile Include="Sprite.cpp">
      <Filter>소스 파일</Filter>
    </ClCompile>
    <ClCompile Include="Stages\Stage.cpp">
      <Filter>Stages</Filter>
    </ClCompile>
    <ClCompile Include="Bullet.cpp">
      <Filter>소스 파일</Filter>
    </ClCompile>
    <ClCompile Include="Actors\Player.cpp">
      <Filter>Actors</Filter>
    </ClCompile>
    <ClCompile Include="Digimon.cpp">
      <Filter>소스 파일</Filter>
    </ClCompile>
    <ClCompile Include="Scene_Manager.cpp">
      <Filter>소스 파일</Filter>
    </ClCompile>
    <ClCompile Include="Stages\Title_Scene.cpp">
      <Filter>Stages</Filter>
    </ClCompile>
    <ClCompile Include="Stages\Stage_01.cpp">
      <Filter>Stages</Filter>
    </ClCompile>
    <ClCompile Include="CastleGate.cpp">
      <Filter>소스 파일</Filter>
    </ClCompile>
    <ClCompile Include="Actors\Attacker.cpp">
      <Filter>Actors</Filter>
    </ClCompile>
    <ClCompile Include="Actors\Enemy.cpp">
      <Filter>Actors</Filter>
    </ClCompile>
    <ClCompile Include="Animation.cpp">
      <Filter>소스 파일</Filter>
    </ClCompile>
    <ClCompile Include="Decal.cpp">
      <Filter>소스 파일</Filter>
    </ClCompile>
    <ClCompile Include="CutManager.cpp">
      <Filter>소스 파일</Filter>
    </ClCompile>
    <ClCompile Include="Reward_Card.cpp">
      <Filter>소스 파일</Filter>
    </ClCompile>
    <ClCompile Include="Actors\ABoss.cpp">
      <Filter>Actors</Filter>
    </ClCompile>
    <ClCompile Include="UI\Bottom_UI.cpp">
      <Filter>UI</Filter>
    </ClCompile>
    <ClCompile Include="DirectWrite.cpp">
      <Filter>소스 파일</Filter>
    </ClCompile>
  </ItemGroup>
  <ItemGroup>
    <ClInclude Include="Device.h">
      <Filter>헤더 파일</Filter>
    </ClInclude>
    <ClInclude Include="stdafx.h">
      <Filter>헤더 파일</Filter>
    </ClInclude>
    <ClInclude Include="Systems\Keyboard.h">
      <Filter>Systems</Filter>
    </ClInclude>
    <ClInclude Include="Object.h">
      <Filter>헤더 파일</Filter>
    </ClInclude>
    <ClInclude Include="Renders\Shader.h">
      <Filter>Renders</Filter>
    </ClInclude>
    <ClInclude Include="Utilities\String.h">
      <Filter>Utilities</Filter>
    </ClInclude>
    <ClInclude Include="Map_Make\Map_Texture.h">
      <Filter>Map_Make</Filter>
    </ClInclude>
    <ClInclude Include="Systems\Time.h">
      <Filter>Systems</Filter>
    </ClInclude>
    <ClInclude Include="Sprite.h">
      <Filter>헤더 파일</Filter>
    </ClInclude>
    <ClInclude Include="Stages\Stage.h">
      <Filter>Stages</Filter>
    </ClInclude>
    <ClInclude Include="Digimon.h">
      <Filter>헤더 파일</Filter>
    </ClInclude>
    <ClInclude Include="Bullet.h">
      <Filter>헤더 파일</Filter>
    </ClInclude>
    <ClInclude Include="Actors\Player.h">
      <Filter>Actors</Filter>
    </ClInclude>
    <ClInclude Include="Scene_Manager.h">
      <Filter>헤더 파일</Filter>
    </ClInclude>
    <ClInclude Include="Stages\Title_Scene.h">
      <Filter>Stages</Filter>
    </ClInclude>
    <ClInclude Include="Stages\Stage_01.h">
      <Filter>Stages</Filter>
    </ClInclude>
    <ClInclude Include="CastleGate.h">
      <Filter>헤더 파일</Filter>
    </ClInclude>
    <ClInclude Include="Actors\ICombat.h">
      <Filter>Actors</Filter>
    </ClInclude>
    <ClInclude Include="Actors\Attacker.h">
      <Filter>Actors</Filter>
    </ClInclude>
    <ClInclude Include="Actors\Enemy.h">
      <Filter>Actors</Filter>
    </ClInclude>
    <ClInclude Include="Animation.h">
      <Filter>헤더 파일</Filter>
    </ClInclude>
    <ClInclude Include="Decal.h">
      <Filter>헤더 파일</Filter>
    </ClInclude>
    <ClInclude Include="CutManager.h">
      <Filter>헤더 파일</Filter>
    </ClInclude>
    <ClInclude Include="Reward_Card.h">
      <Filter>헤더 파일</Filter>
    </ClInclude>
    <ClInclude Include="Actors\ABoss.h">
      <Filter>Actors</Filter>
    </ClInclude>
    <ClInclude Include="UI\Bottom_UI.h">
      <Filter>UI</Filter>
    </ClInclude>
    <ClInclude Include="DirectWrite.h">
      <Filter>헤더 파일</Filter>
    </ClInclude>
  </ItemGroup>
</Project>